{
  "name": "jksreader",
  "version": "1.0.0",
  "lockfileVersion": 1,
  "requires": true,
  "dependencies": {
    "js-sha1": {
      "version": "0.6.0",
      "resolved": "https://registry.npmjs.org/js-sha1/-/js-sha1-0.6.0.tgz",
      "integrity": "sha512-01gwBFreYydzmU9BmZxpVk6svJJHrVxEN3IOiGl6VO93bVKYETJ0sIth6DASI6mIFdt7NmfX9UiByRzsYHGU9w=="
    }
  }
}
